Microsoft Visual Studio Solution File, Format Version 12.00
# Visual Studio Version 17
VisualStudioVersion = 17.5.2.0
MinimumVisualStudioVersion = 10.0.40219.1
Project("{FAE04EC0-301F-11D3-BF4B-00C04F79EFBC}") = "word-freq-count", "word-freq-count.csproj", "{FDDF7B13-1556-DBDD-42E5-82DAE1B0FACE}"
EndProject
Global
	GlobalSection(SolutionConfigurationPlatforms) = preSolution
		Debug|Any CPU = Debug|Any CPU
		Release|Any CPU = Release|Any CPU
	EndGlobalSection
	GlobalSection(ProjectConfigurationPlatforms) = postSolution
		{FDDF7B13-1556-DBDD-42E5-82DAE1B0FACE}.Debug|Any CPU.ActiveCfg = Debug|Any CPU
		{FDDF7B13-1556-DBDD-42E5-82DAE1B0FACE}.Debug|Any CPU.Build.0 = Debug|Any CPU
		{FDDF7B13-1556-DBDD-42E5-82DAE1B0FACE}.Release|Any CPU.ActiveCfg = Release|Any CPU
		{FDDF7B13-1556-DBDD-42E5-82DAE1B0FACE}.Release|Any CPU.Build.0 = Release|Any CPU
	EndGlobalSection
	GlobalSection(SolutionProperties) = preSolution
		HideSolutionNode = FALSE
	EndGlobalSection
	GlobalSection(ExtensibilityGlobals) = postSolution
		SolutionGuid = {B6D7AFB9-52B7-4A4B-A523-EE1817C65B77}
	EndGlobalSection
EndGlobal
